
Microsoft Visual Studio Solution File, Format Version 12.00
# Visual Studio Version 16
VisualStudioVersion = 16.0.31613.86
MinimumVisualStudioVersion = 10.0.40219.1
Project("{FAE04EC0-301F-11D3-BF4B-00C04F79EFBC}") = "gender equality app", "gender equality app.csproj", "{390270C8-0629-4222-BDD3-1DDDC3CB0C2E}"
EndProject
Global
	GlobalSection(SolutionConfigurationPlatforms) = preSolution
		Debug|Any CPU = Debug|Any CPU
		Release|Any CPU = Release|Any CPU
	EndGlobalSection
	GlobalSection(ProjectConfigurationPlatforms) = postSolution
		{390270C8-0629-4222-BDD3-1DDDC3CB0C2E}.Debug|Any CPU.ActiveCfg = Debug|Any CPU
		{390270C8-0629-4222-BDD3-1DDDC3CB0C2E}.Debug|Any CPU.Build.0 = Debug|Any CPU
		{390270C8-0629-4222-BDD3-1DDDC3CB0C2E}.Release|Any CPU.ActiveCfg = Release|Any CPU
		{390270C8-0629-4222-BDD3-1DDDC3CB0C2E}.Release|Any CPU.Build.0 = Release|Any CPU
	EndGlobalSection
	GlobalSection(SolutionProperties) = preSolution
		HideSolutionNode = FALSE
	EndGlobalSection
	GlobalSection(ExtensibilityGlobals) = postSolution
		SolutionGuid = {1140EAE6-ECE8-4CF7-B1CB-1B806D39A4D0}
	EndGlobalSection
EndGlobal
